{
  "lockfile_version": "1",
  "packages": {
    "kind@0.24.0": {
      "last_modified": "2024-08-31T10:12:23Z",
      "resolved": "github:NixOS/nixpkgs/5629520edecb69630a3f4d17d3d33fc96c13f6fe#kind",
      "source": "devbox-search",
      "version": "0.24.0",
      "systems": {
        "aarch64-darwin": {
          "outputs": [
            {
              "name": "out",
              "path": "/nix/store/zdvzdyzsjhqq1314x22dahlh60f1816c-kind-0.24.0",
              "default": true
            }
          ],
          "store_path": "/nix/store/zdvzdyzsjhqq1314x22dahlh60f1816c-kind-0.24.0"
        },
        "aarch64-linux": {
          "outputs": [
            {
              "name": "out",
              "path": "/nix/store/b6266c05v1q2rgj481bzgm5jvcidaym0-kind-0.24.0",
              "default": true
            }
          ],
          "store_path": "/nix/store/b6266c05v1q2rgj481bzgm5jvcidaym0-kind-0.24.0"
        },
        "x86_64-darwin": {
          "outputs": [
            {
              "name": "out",
              "path": "/nix/store/yxk1x2i3xjd8nv39fgakmmpgpylv9qm0-kind-0.24.0",
              "default": true
            }
          ],
          "store_path": "/nix/store/yxk1x2i3xjd8nv39fgakmmpgpylv9qm0-kind-0.24.0"
        },
        "x86_64-linux": {
          "outputs": [
            {
              "name": "out",
              "path": "/nix/store/zzia6iq4i0kwfnvjm7jrcpf01f4hbd94-kind-0.24.0",
              "default": true
            }
          ],
          "store_path": "/nix/store/zzia6iq4i0kwfnvjm7jrcpf01f4hbd94-kind-0.24.0"
        }
      }
    },
    "kubernetes-helm@3.15.4": {
      "last_modified": "2024-08-31T10:12:23Z",
      "resolved": "github:NixOS/nixpkgs/5629520edecb69630a3f4d17d3d33fc96c13f6fe#kubernetes-helm",
      "source": "devbox-search",
      "version": "3.15.4",
      "systems": {
        "aarch64-darwin": {
          "outputs": [
            {
              "name": "out",
              "path": "/nix/store/l0kxgyk3lbb5m1nn3j4d9yv9n4dm2xv3-kubernetes-helm-3.15.4",
              "default": true
            }
          ],
          "store_path": "/nix/store/l0kxgyk3lbb5m1nn3j4d9yv9n4dm2xv3-kubernetes-helm-3.15.4"
        },
        "aarch64-linux": {
          "outputs": [
            {
              "name": "out",
              "path": "/nix/store/4c83c3sdpdx9kwfz7ac8pq8gc9bzc1ai-kubernetes-helm-3.15.4",
              "default": true
            }
          ],
          "store_path": "/nix/store/4c83c3sdpdx9kwfz7ac8pq8gc9bzc1ai-kubernetes-helm-3.15.4"
        },
        "x86_64-darwin": {
          "outputs": [
            {
              "name": "out",
              "path": "/nix/store/mh6n7hjjb3i01cx44hgggryyskbn8mrj-kubernetes-helm-3.15.4",
              "default": true
            }
          ],
          "store_path": "/nix/store/mh6n7hjjb3i01cx44hgggryyskbn8mrj-kubernetes-helm-3.15.4"
        },
        "x86_64-linux": {
          "outputs": [
            {
              "name": "out",
              "path": "/nix/store/ii5025malv11pzdf55aw819hzmph3dr8-kubernetes-helm-3.15.4",
              "default": true
            }
          ],
          "store_path": "/nix/store/ii5025malv11pzdf55aw819hzmph3dr8-kubernetes-helm-3.15.4"
        }
      }
    },
    "nodejs@20.17.0": {
      "last_modified": "2024-09-10T15:01:03Z",
      "plugin_version": "0.0.2",
      "resolved": "github:NixOS/nixpkgs/5ed627539ac84809c78b2dd6d26a5cebeb5ae269#nodejs_20",
      "source": "devbox-search",
      "version": "20.17.0",
      "systems": {
        "aarch64-darwin": {
          "outputs": [
            {
              "name": "out",
              "path": "/nix/store/hxl1k8qgmrm1vfq5f419iv4wybz9szqq-nodejs-20.17.0",
              "default": true
            },
            {
              "name": "libv8",
              "path": "/nix/store/baf3p9zf8dn2arp6wjkdi3v0g2xgfd6y-nodejs-20.17.0-libv8"
            }
          ],
          "store_path": "/nix/store/hxl1k8qgmrm1vfq5f419iv4wybz9szqq-nodejs-20.17.0"
        },
        "aarch64-linux": {
          "outputs": [
            {
              "name": "out",
              "path": "/nix/store/vc64zpxndmp3xh9699yb2vpbl81pxbk0-nodejs-20.17.0",
              "default": true
            },
            {
              "name": "libv8",
              "path": "/nix/store/0c57mzp5bqf0pp4a0pdj8wynphsgi92c-nodejs-20.17.0-libv8"
            }
          ],
          "store_path": "/nix/store/vc64zpxndmp3xh9699yb2vpbl81pxbk0-nodejs-20.17.0"
        },
        "x86_64-darwin": {
          "outputs": [
            {
              "name": "out",
              "path": "/nix/store/lgyrki1i0205nwh51c1h22bhl95x0nyd-nodejs-20.17.0",
              "default": true
            },
            {
              "name": "libv8",
              "path": "/nix/store/n4xvswmgb3ql2440bkl8xk4i3b11w46x-nodejs-20.17.0-libv8"
            }
          ],
          "store_path": "/nix/store/lgyrki1i0205nwh51c1h22bhl95x0nyd-nodejs-20.17.0"
        },
        "x86_64-linux": {
          "outputs": [
            {
              "name": "out",
              "path": "/nix/store/w78sh036dyn14f29w8za9ni9syrmwm3q-nodejs-20.17.0",
              "default": true
            },
            {
              "name": "libv8",
              "path": "/nix/store/bsqha32xvv1j20bwkhr2wsnclk4qsi3a-nodejs-20.17.0-libv8"
            }
          ],
          "store_path": "/nix/store/w78sh036dyn14f29w8za9ni9syrmwm3q-nodejs-20.17.0"
        }
      }
    },
    "nushell@0.100.0": {
      "last_modified": "2024-11-16T04:25:12Z",
      "resolved": "github:NixOS/nixpkgs/34a626458d686f1b58139620a8b2793e9e123bba#nushell",
      "source": "devbox-search",
      "version": "0.100.0",
      "systems": {
        "aarch64-darwin": {
          "outputs": [
            {
              "name": "out",
              "path": "/nix/store/dwha64hw5i445893syncky2ns9fwh4hc-nushell-0.100.0",
              "default": true
            }
          ],
          "store_path": "/nix/store/dwha64hw5i445893syncky2ns9fwh4hc-nushell-0.100.0"
        },
        "aarch64-linux": {
          "outputs": [
            {
              "name": "out",
              "path": "/nix/store/fp56xjf3gv984cw2vfn87dy533nmqcmy-nushell-0.100.0",
              "default": true
            }
          ],
          "store_path": "/nix/store/fp56xjf3gv984cw2vfn87dy533nmqcmy-nushell-0.100.0"
        },
        "x86_64-darwin": {
          "outputs": [
            {
              "name": "out",
              "path": "/nix/store/0002sg179kfnh0s3fs4fsrhggq3ab4mz-nushell-0.100.0",
              "default": true
            }
          ],
          "store_path": "/nix/store/0002sg179kfnh0s3fs4fsrhggq3ab4mz-nushell-0.100.0"
        },
        "x86_64-linux": {
          "outputs": [
            {
              "name": "out",
              "path": "/nix/store/8231h92fhkaa2cagllvn8iagawmsfv4f-nushell-0.100.0",
              "default": true
            }
          ],
          "store_path": "/nix/store/8231h92fhkaa2cagllvn8iagawmsfv4f-nushell-0.100.0"
        }
      }
    },
    "teller@2.0.7": {
      "last_modified": "2024-08-14T11:41:26Z",
      "resolved": "github:NixOS/nixpkgs/0cb2fd7c59fed0cd82ef858cbcbdb552b9a33465#teller",
      "source": "devbox-search",
      "version": "2.0.7",
      "systems": {
        "aarch64-darwin": {
          "outputs": [
            {
              "name": "out",
              "path": "/nix/store/ss10pp82nqavzfny24jxanyjdmqbq20x-teller-2.0.7",
              "default": true
            }
          ],
          "store_path": "/nix/store/ss10pp82nqavzfny24jxanyjdmqbq20x-teller-2.0.7"
        },
        "aarch64-linux": {
          "outputs": [
            {
              "name": "out",
              "path": "/nix/store/qs9xb0p61xzv28c750nhq1cbgfjyws9g-teller-2.0.7",
              "default": true
            }
          ],
          "store_path": "/nix/store/qs9xb0p61xzv28c750nhq1cbgfjyws9g-teller-2.0.7"
        },
        "x86_64-darwin": {
          "outputs": [
            {
              "name": "out",
              "path": "/nix/store/9fxxzd1bqd7im86b09235qawlmjxyh4k-teller-2.0.7",
              "default": true
            }
          ],
          "store_path": "/nix/store/9fxxzd1bqd7im86b09235qawlmjxyh4k-teller-2.0.7"
        },
        "x86_64-linux": {
          "outputs": [
            {
              "name": "out",
              "path": "/nix/store/12dy7axdimiiqnl5rhn1dvg0hcwqywfl-teller-2.0.7",
              "default": true
            }
          ],
          "store_path": "/nix/store/12dy7axdimiiqnl5rhn1dvg0hcwqywfl-teller-2.0.7"
        }
      }
    },
    "yarn@latest": {
      "last_modified": "2024-09-10T15:01:03Z",
      "resolved": "github:NixOS/nixpkgs/5ed627539ac84809c78b2dd6d26a5cebeb5ae269#yarn",
      "source": "devbox-search",
      "version": "1.22.22",
      "systems": {
        "aarch64-darwin": {
          "outputs": [
            {
              "name": "out",
              "path": "/nix/store/6j0fflbrszc5k5kd7m36mn9ga6ds8zmr-yarn-1.22.22",
              "default": true
            }
          ],
          "store_path": "/nix/store/6j0fflbrszc5k5kd7m36mn9ga6ds8zmr-yarn-1.22.22"
        },
        "aarch64-linux": {
          "outputs": [
            {
              "name": "out",
              "path": "/nix/store/d1f5qfjkc24v2ng46x0qjsbiwrdfa6d3-yarn-1.22.22",
              "default": true
            }
          ],
          "store_path": "/nix/store/d1f5qfjkc24v2ng46x0qjsbiwrdfa6d3-yarn-1.22.22"
        },
        "x86_64-darwin": {
          "outputs": [
            {
              "name": "out",
              "path": "/nix/store/vfi9zsfiwq5yia28nx04zdmr9ij6nhi3-yarn-1.22.22",
              "default": true
            }
          ],
          "store_path": "/nix/store/vfi9zsfiwq5yia28nx04zdmr9ij6nhi3-yarn-1.22.22"
        },
        "x86_64-linux": {
          "outputs": [
            {
              "name": "out",
              "path": "/nix/store/9yd6frl42syv6vncdy619zblj2vg406g-yarn-1.22.22",
              "default": true
            }
          ],
          "store_path": "/nix/store/9yd6frl42syv6vncdy619zblj2vg406g-yarn-1.22.22"
        }
      }
    },
    "yq-go@4.44.3": {
      "last_modified": "2024-08-14T11:41:26Z",
      "resolved": "github:NixOS/nixpkgs/0cb2fd7c59fed0cd82ef858cbcbdb552b9a33465#yq-go",
      "source": "devbox-search",
      "version": "4.44.3",
      "systems": {
        "aarch64-darwin": {
          "outputs": [
            {
              "name": "out",
              "path": "/nix/store/gfz0zq6hyd5af5g0rdwia1jxj04qq9zy-yq-go-4.44.3",
              "default": true
            }
          ],
          "store_path": "/nix/store/gfz0zq6hyd5af5g0rdwia1jxj04qq9zy-yq-go-4.44.3"
        },
        "aarch64-linux": {
          "outputs": [
            {
              "name": "out",
              "path": "/nix/store/yg6xzqf6wi5ivh8vwh10s4z20yv30swa-yq-go-4.44.3",
              "default": true
            }
          ],
          "store_path": "/nix/store/yg6xzqf6wi5ivh8vwh10s4z20yv30swa-yq-go-4.44.3"
        },
        "x86_64-darwin": {
          "outputs": [
            {
              "name": "out",
              "path": "/nix/store/2hycjc9qgdnpbs8fkh2f6dqy5b98hc8c-yq-go-4.44.3",
              "default": true
            }
          ],
          "store_path": "/nix/store/2hycjc9qgdnpbs8fkh2f6dqy5b98hc8c-yq-go-4.44.3"
        },
        "x86_64-linux": {
          "outputs": [
            {
              "name": "out",
              "path": "/nix/store/wp9636p687ymjvxmcghjs03zz0vsicar-yq-go-4.44.3",
              "default": true
            }
          ],
          "store_path": "/nix/store/wp9636p687ymjvxmcghjs03zz0vsicar-yq-go-4.44.3"
        }
      }
    },
    "zellij@0.40.1": {
      "last_modified": "2024-08-14T11:41:26Z",
      "resolved": "github:NixOS/nixpkgs/0cb2fd7c59fed0cd82ef858cbcbdb552b9a33465#zellij",
      "source": "devbox-search",
      "version": "0.40.1",
      "systems": {
        "aarch64-darwin": {
          "outputs": [
            {
              "name": "out",
              "path": "/nix/store/bd3whw05s6dz11alx0k6icyzsvqn8qqx-zellij-0.40.1",
              "default": true
            }
          ],
          "store_path": "/nix/store/bd3whw05s6dz11alx0k6icyzsvqn8qqx-zellij-0.40.1"
        },
        "aarch64-linux": {
          "outputs": [
            {
              "name": "out",
              "path": "/nix/store/laqgjfai96qv4m97f4nix3p5492dvg0f-zellij-0.40.1",
              "default": true
            }
          ],
          "store_path": "/nix/store/laqgjfai96qv4m97f4nix3p5492dvg0f-zellij-0.40.1"
        },
        "x86_64-darwin": {
          "outputs": [
            {
              "name": "out",
              "path": "/nix/store/mrwnp3pl7skqm2kdv7yxi6cygqcx22dd-zellij-0.40.1",
              "default": true
            }
          ],
          "store_path": "/nix/store/mrwnp3pl7skqm2kdv7yxi6cygqcx22dd-zellij-0.40.1"
        },
        "x86_64-linux": {
          "outputs": [
            {
              "name": "out",
              "path": "/nix/store/nwcjvy5qci73nahai3ng0ak6p9j4zk6s-zellij-0.40.1",
              "default": true
            }
          ],
          "store_path": "/nix/store/nwcjvy5qci73nahai3ng0ak6p9j4zk6s-zellij-0.40.1"
        }
      }
    }
  }
}
